
Microsoft Visual Studio Solution File, Format Version 12.00
# Visual Studio Version 17
VisualStudioVersion = 17.0.31903.59
MinimumVisualStudioVersion = 10.0.40219.1
Project("{9A19103F-16F7-4668-BE54-9A1E7A4F7556}") = "PetFam.Web", "src\PetFam.Web\PetFam.Web.csproj", "{04D67427-0163-4DE4-9630-AE4850ADCA2B}"
EndProject
Project("{2150E333-8FDC-42A3-9474-1A3956D46DE8}") = "Solution Items", "Solution Items", "{CAD9E89F-5968-4B59-8957-62BD99289364}"
	ProjectSection(SolutionItems) = preProject
		docker-compose.yml = docker-compose.yml
		nginx.conf = nginx.conf
		docker-compose.Development.yml = docker-compose.Development.yml
		start-docker.sh = start-docker.sh
	EndProjectSection
EndProject
Project("{2150E333-8FDC-42A3-9474-1A3956D46DE8}") = "src", "src", "{835BCECC-037E-4F54-B34D-A30780A5D8EE}"
EndProject
Project("{2150E333-8FDC-42A3-9474-1A3956D46DE8}") = "tests", "tests", "{4C6C71B0-7E9A-4A21-A72A-810AC6A99DE5}"
EndProject
Project("{2150E333-8FDC-42A3-9474-1A3956D46DE8}") = "Accounts", "Accounts", "{623F8AE0-AEBF-4D2F-B026-61B6A8EF2EFB}"
EndProject
Project("{2150E333-8FDC-42A3-9474-1A3956D46DE8}") = "PetManagement", "PetManagement", "{4128B80B-E9A3-40FB-B0C1-CFF56C0731E4}"
EndProject
Project("{2150E333-8FDC-42A3-9474-1A3956D46DE8}") = "BreedManagement", "BreedManagement", "{0213D94C-9C2B-4DAB-9062-762E2BB28072}"
EndProject
Project("{2150E333-8FDC-42A3-9474-1A3956D46DE8}") = "Files", "Files", "{2FE70DA5-05FF-403C-8E52-38E277D614F9}"
EndProject
Project("{2150E333-8FDC-42A3-9474-1A3956D46DE8}") = "Shared", "Shared", "{3BED09B4-5504-440F-B96C-BEA75EB7B2B5}"
EndProject
Project("{9A19103F-16F7-4668-BE54-9A1E7A4F7556}") = "PetFam.UnitTests", "tests\PetFam.UnitTests\PetFam.UnitTests.csproj", "{1B79119B-862B-4441-A3E4-2F2EE45B1217}"
EndProject
Project("{FAE04EC0-301F-11D3-BF4B-00C04F79EFBC}") = "PetFam.Core", "src\Shared\PetFam.Core\PetFam.Core.csproj", "{002E06C9-89F5-4C2B-A6D8-07CB5806B207}"
EndProject
Project("{FAE04EC0-301F-11D3-BF4B-00C04F79EFBC}") = "PetFam.SharedKernel", "src\Shared\PetFam.SharedKernel\PetFam.SharedKernel.csproj", "{42B78C66-8348-4B51-89FA-6A1FD20482C8}"
EndProject
Project("{FAE04EC0-301F-11D3-BF4B-00C04F79EFBC}") = "PetFam.Framework", "src\Shared\PetFam.Framework\PetFam.Framework.csproj", "{3FB269C8-25F3-474D-888E-BB57212FDB22}"
EndProject
Project("{FAE04EC0-301F-11D3-BF4B-00C04F79EFBC}") = "PetFam.PetManagement.Domain", "src\PetManagement\PetFam.PetManagement.Domain\PetFam.PetManagement.Domain.csproj", "{14F9E080-5766-4C52-BA54-2D073DC85C65}"
EndProject
Project("{FAE04EC0-301F-11D3-BF4B-00C04F79EFBC}") = "PetFam.BreedManagement.Domain", "src\BreedManagement\PetFam.BreedManagement.Domain\PetFam.BreedManagement.Domain.csproj", "{B30EE261-F16C-480F-805B-F7CDA14DF37D}"
EndProject
Project("{FAE04EC0-301F-11D3-BF4B-00C04F79EFBC}") = "PetFam.PetManagement.Infrastructure", "src\PetManagement\PetFam.PetManagement.Infrastructure\PetFam.PetManagement.Infrastructure.csproj", "{E5EE62B3-077C-425C-A6C7-57603318C66C}"
EndProject
Project("{FAE04EC0-301F-11D3-BF4B-00C04F79EFBC}") = "PetFam.BreedManagement.Infrastructure", "src\BreedManagement\PetFam.BreedManagement.Infrastructure\PetFam.BreedManagement.Infrastructure.csproj", "{5855C155-B0FD-416F-AF15-6E0152671166}"
EndProject
Project("{FAE04EC0-301F-11D3-BF4B-00C04F79EFBC}") = "PetFam.PetManagement.Application", "src\PetManagement\PetFam.PetManagement.Application\PetFam.PetManagement.Application.csproj", "{2C9C4348-D406-46C4-A569-3C7E74000098}"
EndProject
Project("{FAE04EC0-301F-11D3-BF4B-00C04F79EFBC}") = "PetFam.BreedManagement.Application", "src\BreedManagement\PetFam.BreedManagement.Application\PetFam.BreedManagement.Application.csproj", "{1FF3360E-880D-4A23-BA7F-B9D2A9CE368F}"
EndProject
Project("{FAE04EC0-301F-11D3-BF4B-00C04F79EFBC}") = "PetFam.PetManagement.Contracts", "src\PetManagement\PetFam.PetManagement.Contracts\PetFam.PetManagement.Contracts.csproj", "{D883B3BC-F67F-45DA-9365-C8C1C61ADD23}"
EndProject
Project("{FAE04EC0-301F-11D3-BF4B-00C04F79EFBC}") = "PetFam.PetManagement.Presentation", "src\PetManagement\PetFam.PetManagement.Presentation\PetFam.PetManagement.Presentation.csproj", "{3687601F-A22C-4730-8628-6756C0456B12}"
EndProject
Project("{FAE04EC0-301F-11D3-BF4B-00C04F79EFBC}") = "PetFam.BreedManagement.Contracts", "src\BreedManagement\PetFam.BreedManagement.Contracts\PetFam.BreedManagement.Contracts.csproj", "{AFCBBFAA-A5B6-4814-9BD5-7B4B74CA7149}"
EndProject
Project("{FAE04EC0-301F-11D3-BF4B-00C04F79EFBC}") = "PetFam.BreedManagement.Presentation", "src\BreedManagement\PetFam.BreedManagement.Presentation\PetFam.BreedManagement.Presentation.csproj", "{BC52497E-1015-40B3-9DD8-2D590677457E}"
EndProject
Project("{FAE04EC0-301F-11D3-BF4B-00C04F79EFBC}") = "PetFam.Accounts.Domain", "src\Accounts\PetFam.Accounts.Domain\PetFam.Accounts.Domain.csproj", "{19EF112C-74B1-4D20-99D0-D0C9F2117BCF}"
EndProject
Project("{FAE04EC0-301F-11D3-BF4B-00C04F79EFBC}") = "PetFam.Accounts.Application", "src\Accounts\PetFam.Accounts.Application\PetFam.Accounts.Application.csproj", "{217E77D9-E26D-4BDE-BF31-031EB89A4C5C}"
EndProject
Project("{FAE04EC0-301F-11D3-BF4B-00C04F79EFBC}") = "PetFam.Files.Domain", "src\Files\PetFam.Files.Domain\PetFam.Files.Domain.csproj", "{54BE5B63-2B60-4DBC-BDA7-338A16EF0A6A}"
EndProject
Project("{FAE04EC0-301F-11D3-BF4B-00C04F79EFBC}") = "PetFam.Files.Application", "src\Files\PetFam.Files.Application\PetFam.Files.Application.csproj", "{4C4659D1-8225-4FAE-8D0B-1B2B8C7FF769}"
EndProject
Project("{FAE04EC0-301F-11D3-BF4B-00C04F79EFBC}") = "PetFam.Files.Infrastructure", "src\Files\PetFam.Files.Infrastructure\PetFam.Files.Infrastructure.csproj", "{4D04E183-409B-426E-95BB-D9302D3AF3EE}"
EndProject
Project("{FAE04EC0-301F-11D3-BF4B-00C04F79EFBC}") = "PetFam.Files.Contracts", "src\Files\PetFam.Files.Contracts\PetFam.Files.Contracts.csproj", "{CB776B6F-93B7-4A80-AC60-7B810785A01D}"
EndProject
Project("{FAE04EC0-301F-11D3-BF4B-00C04F79EFBC}") = "PetFam.Files.Presentation", "src\Files\PetFam.Files.Presentation\PetFam.Files.Presentation.csproj", "{A2230F18-0BD8-4105-A4DC-9620847B46A0}"
EndProject
Project("{FAE04EC0-301F-11D3-BF4B-00C04F79EFBC}") = "PetFam.Accounts.Contracts", "src\Accounts\PetFam.Accounts.Contracts\PetFam.Accounts.Contracts.csproj", "{42472794-524B-435E-B618-330BC70BE2AC}"
EndProject
Project("{FAE04EC0-301F-11D3-BF4B-00C04F79EFBC}") = "PetFam.Accounts.Presentation", "src\Accounts\PetFam.Accounts.Presentation\PetFam.Accounts.Presentation.csproj", "{7FD61E15-D9B1-4BBF-8A76-975583407B8A}"
EndProject
Project("{FAE04EC0-301F-11D3-BF4B-00C04F79EFBC}") = "PetFam.Accounts.Infrastructure", "src\Accounts\PetFam.Accounts.Infrastructure\PetFam.Accounts.Infrastructure.csproj", "{3F0D4546-7C31-4D22-8E50-CF89C4344EF8}"
EndProject
Project("{FAE04EC0-301F-11D3-BF4B-00C04F79EFBC}") = "PetFam.Volunteers.IntegrationTests", "tests\PetFam.Volunteers.IntegrationTests\PetFam.Volunteers.IntegrationTests.csproj", "{0AC4B271-23DD-4A61-89D4-42DC5D2DC24B}"
EndProject
Project("{FAE04EC0-301F-11D3-BF4B-00C04F79EFBC}") = "PetFam.Accounts.IntegrationTests", "tests\PetFam.Accounts.IntegrationTests\PetFam.Accounts.IntegrationTests.csproj", "{37FE7015-20A6-43D6-9900-2FD95E52177E}"
EndProject
Project("{2150E333-8FDC-42A3-9474-1A3956D46DE8}") = "VolunteeringApplications", "VolunteeringApplications", "{B9200FC0-D250-4479-A51B-B14945429ED7}"
EndProject
Project("{FAE04EC0-301F-11D3-BF4B-00C04F79EFBC}") = "PetFam.VolunteeringApplications.Domain", "src\VolunteeringApplications\PetFam.VolunteeringApplications.Domain\PetFam.VolunteeringApplications.Domain.csproj", "{136C959B-D53F-442C-B361-C1D5C3E6ADE2}"
EndProject
Project("{2150E333-8FDC-42A3-9474-1A3956D46DE8}") = "Discussions", "Discussions", "{1E743A57-05D1-43B7-AE35-3CEF2DDB6361}"
EndProject
Project("{FAE04EC0-301F-11D3-BF4B-00C04F79EFBC}") = "PetFam.Discussions.Domain", "src\Discussions\PetFam.Discussions.Domain\PetFam.Discussions.Domain.csproj", "{7229BC95-2148-4E1F-B76A-DD6A0145270E}"
EndProject
Project("{FAE04EC0-301F-11D3-BF4B-00C04F79EFBC}") = "PetFam.VolunteeringApplications.Application", "src\VolunteeringApplications\PetFam.VolunteeringApplications.Application\PetFam.VolunteeringApplications.Application.csproj", "{6AFC116D-6DF2-4841-AA3F-B59674FE54F0}"
EndProject
Project("{FAE04EC0-301F-11D3-BF4B-00C04F79EFBC}") = "PetFam.VolunteeringApplications.Infrastructure", "src\VolunteeringApplications\PetFam.VolunteeringApplications.Infrastructure\PetFam.VolunteeringApplications.Infrastructure.csproj", "{AA7EEE91-CAAE-4626-8754-90F867521172}"
EndProject
Project("{FAE04EC0-301F-11D3-BF4B-00C04F79EFBC}") = "PetFam.VolunteeringApplications.Presentation", "src\VolunteeringApplications\PetFam.VolunteeringApplications.Presentation\PetFam.VolunteeringApplications.Presentation.csproj", "{A04C9C56-E3EF-42BC-BDBE-23BA5EC8341E}"
EndProject
Project("{FAE04EC0-301F-11D3-BF4B-00C04F79EFBC}") = "PetFam.VolunteeringApplications.Contracts", "src\VolunteeringApplications\PetFam.VolunteeringApplications.Contracts\PetFam.VolunteeringApplications.Contracts.csproj", "{E24C0ED9-D73F-4F2A-9DB6-1AF426D9B5C2}"
EndProject
Project("{FAE04EC0-301F-11D3-BF4B-00C04F79EFBC}") = "PetFam.VolunteeringApplications.IntegrationTests", "tests\PetFam.VolunteeringApplications.IntegrationTests\PetFam.VolunteeringApplications.IntegrationTests.csproj", "{2B163BE7-3383-4BBE-BA85-25796854F09B}"
EndProject
Project("{FAE04EC0-301F-11D3-BF4B-00C04F79EFBC}") = "PetFam.Discussions.Application", "src\Discussions\PetFam.Discussions.Application\PetFam.Discussions.Application.csproj", "{9A59C1FF-6260-43A1-BBF3-84A82EB784E6}"
EndProject
Project("{FAE04EC0-301F-11D3-BF4B-00C04F79EFBC}") = "PetFam.Discussions.Infrastructure", "src\Discussions\PetFam.Discussions.Infrastructure\PetFam.Discussions.Infrastructure.csproj", "{451B4FCA-E595-4AB6-819E-1C3C80BE5AE0}"
EndProject
Project("{FAE04EC0-301F-11D3-BF4B-00C04F79EFBC}") = "PetFam.Discussions.Presentation", "src\Discussions\PetFam.Discussions.Presentation\PetFam.Discussions.Presentation.csproj", "{550F70EB-FB9D-4B39-BC7C-DAF542659050}"
EndProject
Project("{FAE04EC0-301F-11D3-BF4B-00C04F79EFBC}") = "PetFam.Discussions.Contracts", "PetFam.Discussions.Contracts\PetFam.Discussions.Contracts.csproj", "{D681B30D-A0B1-4492-B6D3-67BC80DF0C3F}"
EndProject
Project("{FAE04EC0-301F-11D3-BF4B-00C04F79EFBC}") = "PetFam.Discussions.IntegrationTests", "tests\PetFam.Discussions.IntegrationTests\PetFam.Discussions.IntegrationTests.csproj", "{DB9EAFA2-3555-4D89-9B06-D0C7B5217B0D}"
EndProject
Global
	GlobalSection(SolutionConfigurationPlatforms) = preSolution
		Debug|Any CPU = Debug|Any CPU
		Release|Any CPU = Release|Any CPU
	EndGlobalSection
	GlobalSection(ProjectConfigurationPlatforms) = postSolution
		{04D67427-0163-4DE4-9630-AE4850ADCA2B}.Debug|Any CPU.ActiveCfg = Debug|Any CPU
		{04D67427-0163-4DE4-9630-AE4850ADCA2B}.Debug|Any CPU.Build.0 = Debug|Any CPU
		{04D67427-0163-4DE4-9630-AE4850ADCA2B}.Release|Any CPU.ActiveCfg = Release|Any CPU
		{04D67427-0163-4DE4-9630-AE4850ADCA2B}.Release|Any CPU.Build.0 = Release|Any CPU
		{1B79119B-862B-4441-A3E4-2F2EE45B1217}.Debug|Any CPU.ActiveCfg = Debug|Any CPU
		{1B79119B-862B-4441-A3E4-2F2EE45B1217}.Debug|Any CPU.Build.0 = Debug|Any CPU
		{1B79119B-862B-4441-A3E4-2F2EE45B1217}.Release|Any CPU.ActiveCfg = Release|Any CPU
		{1B79119B-862B-4441-A3E4-2F2EE45B1217}.Release|Any CPU.Build.0 = Release|Any CPU
		{002E06C9-89F5-4C2B-A6D8-07CB5806B207}.Debug|Any CPU.ActiveCfg = Debug|Any CPU
		{002E06C9-89F5-4C2B-A6D8-07CB5806B207}.Debug|Any CPU.Build.0 = Debug|Any CPU
		{002E06C9-89F5-4C2B-A6D8-07CB5806B207}.Release|Any CPU.ActiveCfg = Release|Any CPU
		{002E06C9-89F5-4C2B-A6D8-07CB5806B207}.Release|Any CPU.Build.0 = Release|Any CPU
		{14F9E080-5766-4C52-BA54-2D073DC85C65}.Debug|Any CPU.ActiveCfg = Debug|Any CPU
		{14F9E080-5766-4C52-BA54-2D073DC85C65}.Debug|Any CPU.Build.0 = Debug|Any CPU
		{14F9E080-5766-4C52-BA54-2D073DC85C65}.Release|Any CPU.ActiveCfg = Release|Any CPU
		{14F9E080-5766-4C52-BA54-2D073DC85C65}.Release|Any CPU.Build.0 = Release|Any CPU
		{B30EE261-F16C-480F-805B-F7CDA14DF37D}.Debug|Any CPU.ActiveCfg = Debug|Any CPU
		{B30EE261-F16C-480F-805B-F7CDA14DF37D}.Debug|Any CPU.Build.0 = Debug|Any CPU
		{B30EE261-F16C-480F-805B-F7CDA14DF37D}.Release|Any CPU.ActiveCfg = Release|Any CPU
		{B30EE261-F16C-480F-805B-F7CDA14DF37D}.Release|Any CPU.Build.0 = Release|Any CPU
		{E5EE62B3-077C-425C-A6C7-57603318C66C}.Debug|Any CPU.ActiveCfg = Debug|Any CPU
		{E5EE62B3-077C-425C-A6C7-57603318C66C}.Debug|Any CPU.Build.0 = Debug|Any CPU
		{E5EE62B3-077C-425C-A6C7-57603318C66C}.Release|Any CPU.ActiveCfg = Release|Any CPU
		{E5EE62B3-077C-425C-A6C7-57603318C66C}.Release|Any CPU.Build.0 = Release|Any CPU
		{5855C155-B0FD-416F-AF15-6E0152671166}.Debug|Any CPU.ActiveCfg = Debug|Any CPU
		{5855C155-B0FD-416F-AF15-6E0152671166}.Debug|Any CPU.Build.0 = Debug|Any CPU
		{5855C155-B0FD-416F-AF15-6E0152671166}.Release|Any CPU.ActiveCfg = Release|Any CPU
		{5855C155-B0FD-416F-AF15-6E0152671166}.Release|Any CPU.Build.0 = Release|Any CPU
		{2C9C4348-D406-46C4-A569-3C7E74000098}.Debug|Any CPU.ActiveCfg = Debug|Any CPU
		{2C9C4348-D406-46C4-A569-3C7E74000098}.Debug|Any CPU.Build.0 = Debug|Any CPU
		{2C9C4348-D406-46C4-A569-3C7E74000098}.Release|Any CPU.ActiveCfg = Release|Any CPU
		{2C9C4348-D406-46C4-A569-3C7E74000098}.Release|Any CPU.Build.0 = Release|Any CPU
		{1FF3360E-880D-4A23-BA7F-B9D2A9CE368F}.Debug|Any CPU.ActiveCfg = Debug|Any CPU
		{1FF3360E-880D-4A23-BA7F-B9D2A9CE368F}.Debug|Any CPU.Build.0 = Debug|Any CPU
		{1FF3360E-880D-4A23-BA7F-B9D2A9CE368F}.Release|Any CPU.ActiveCfg = Release|Any CPU
		{1FF3360E-880D-4A23-BA7F-B9D2A9CE368F}.Release|Any CPU.Build.0 = Release|Any CPU
		{D883B3BC-F67F-45DA-9365-C8C1C61ADD23}.Debug|Any CPU.ActiveCfg = Debug|Any CPU
		{D883B3BC-F67F-45DA-9365-C8C1C61ADD23}.Debug|Any CPU.Build.0 = Debug|Any CPU
		{D883B3BC-F67F-45DA-9365-C8C1C61ADD23}.Release|Any CPU.ActiveCfg = Release|Any CPU
		{D883B3BC-F67F-45DA-9365-C8C1C61ADD23}.Release|Any CPU.Build.0 = Release|Any CPU
		{3687601F-A22C-4730-8628-6756C0456B12}.Debug|Any CPU.ActiveCfg = Debug|Any CPU
		{3687601F-A22C-4730-8628-6756C0456B12}.Debug|Any CPU.Build.0 = Debug|Any CPU
		{3687601F-A22C-4730-8628-6756C0456B12}.Release|Any CPU.ActiveCfg = Release|Any CPU
		{3687601F-A22C-4730-8628-6756C0456B12}.Release|Any CPU.Build.0 = Release|Any CPU
		{AFCBBFAA-A5B6-4814-9BD5-7B4B74CA7149}.Debug|Any CPU.ActiveCfg = Debug|Any CPU
		{AFCBBFAA-A5B6-4814-9BD5-7B4B74CA7149}.Debug|Any CPU.Build.0 = Debug|Any CPU
		{AFCBBFAA-A5B6-4814-9BD5-7B4B74CA7149}.Release|Any CPU.ActiveCfg = Release|Any CPU
		{AFCBBFAA-A5B6-4814-9BD5-7B4B74CA7149}.Release|Any CPU.Build.0 = Release|Any CPU
		{BC52497E-1015-40B3-9DD8-2D590677457E}.Debug|Any CPU.ActiveCfg = Debug|Any CPU
		{BC52497E-1015-40B3-9DD8-2D590677457E}.Debug|Any CPU.Build.0 = Debug|Any CPU
		{BC52497E-1015-40B3-9DD8-2D590677457E}.Release|Any CPU.ActiveCfg = Release|Any CPU
		{BC52497E-1015-40B3-9DD8-2D590677457E}.Release|Any CPU.Build.0 = Release|Any CPU
		{19EF112C-74B1-4D20-99D0-D0C9F2117BCF}.Debug|Any CPU.ActiveCfg = Debug|Any CPU
		{19EF112C-74B1-4D20-99D0-D0C9F2117BCF}.Debug|Any CPU.Build.0 = Debug|Any CPU
		{19EF112C-74B1-4D20-99D0-D0C9F2117BCF}.Release|Any CPU.ActiveCfg = Release|Any CPU
		{19EF112C-74B1-4D20-99D0-D0C9F2117BCF}.Release|Any CPU.Build.0 = Release|Any CPU
		{42B78C66-8348-4B51-89FA-6A1FD20482C8}.Debug|Any CPU.ActiveCfg = Debug|Any CPU
		{42B78C66-8348-4B51-89FA-6A1FD20482C8}.Debug|Any CPU.Build.0 = Debug|Any CPU
		{42B78C66-8348-4B51-89FA-6A1FD20482C8}.Release|Any CPU.ActiveCfg = Release|Any CPU
		{42B78C66-8348-4B51-89FA-6A1FD20482C8}.Release|Any CPU.Build.0 = Release|Any CPU
		{3FB269C8-25F3-474D-888E-BB57212FDB22}.Debug|Any CPU.ActiveCfg = Debug|Any CPU
		{3FB269C8-25F3-474D-888E-BB57212FDB22}.Debug|Any CPU.Build.0 = Debug|Any CPU
		{3FB269C8-25F3-474D-888E-BB57212FDB22}.Release|Any CPU.ActiveCfg = Release|Any CPU
		{3FB269C8-25F3-474D-888E-BB57212FDB22}.Release|Any CPU.Build.0 = Release|Any CPU
		{217E77D9-E26D-4BDE-BF31-031EB89A4C5C}.Debug|Any CPU.ActiveCfg = Debug|Any CPU
		{217E77D9-E26D-4BDE-BF31-031EB89A4C5C}.Debug|Any CPU.Build.0 = Debug|Any CPU
		{217E77D9-E26D-4BDE-BF31-031EB89A4C5C}.Release|Any CPU.ActiveCfg = Release|Any CPU
		{217E77D9-E26D-4BDE-BF31-031EB89A4C5C}.Release|Any CPU.Build.0 = Release|Any CPU
		{54BE5B63-2B60-4DBC-BDA7-338A16EF0A6A}.Debug|Any CPU.ActiveCfg = Debug|Any CPU
		{54BE5B63-2B60-4DBC-BDA7-338A16EF0A6A}.Debug|Any CPU.Build.0 = Debug|Any CPU
		{54BE5B63-2B60-4DBC-BDA7-338A16EF0A6A}.Release|Any CPU.ActiveCfg = Release|Any CPU
		{54BE5B63-2B60-4DBC-BDA7-338A16EF0A6A}.Release|Any CPU.Build.0 = Release|Any CPU
		{4C4659D1-8225-4FAE-8D0B-1B2B8C7FF769}.Debug|Any CPU.ActiveCfg = Debug|Any CPU
		{4C4659D1-8225-4FAE-8D0B-1B2B8C7FF769}.Debug|Any CPU.Build.0 = Debug|Any CPU
		{4C4659D1-8225-4FAE-8D0B-1B2B8C7FF769}.Release|Any CPU.ActiveCfg = Release|Any CPU
		{4C4659D1-8225-4FAE-8D0B-1B2B8C7FF769}.Release|Any CPU.Build.0 = Release|Any CPU
		{4D04E183-409B-426E-95BB-D9302D3AF3EE}.Debug|Any CPU.ActiveCfg = Debug|Any CPU
		{4D04E183-409B-426E-95BB-D9302D3AF3EE}.Debug|Any CPU.Build.0 = Debug|Any CPU
		{4D04E183-409B-426E-95BB-D9302D3AF3EE}.Release|Any CPU.ActiveCfg = Release|Any CPU
		{4D04E183-409B-426E-95BB-D9302D3AF3EE}.Release|Any CPU.Build.0 = Release|Any CPU
		{CB776B6F-93B7-4A80-AC60-7B810785A01D}.Debug|Any CPU.ActiveCfg = Debug|Any CPU
		{CB776B6F-93B7-4A80-AC60-7B810785A01D}.Debug|Any CPU.Build.0 = Debug|Any CPU
		{CB776B6F-93B7-4A80-AC60-7B810785A01D}.Release|Any CPU.ActiveCfg = Release|Any CPU
		{CB776B6F-93B7-4A80-AC60-7B810785A01D}.Release|Any CPU.Build.0 = Release|Any CPU
		{A2230F18-0BD8-4105-A4DC-9620847B46A0}.Debug|Any CPU.ActiveCfg = Debug|Any CPU
		{A2230F18-0BD8-4105-A4DC-9620847B46A0}.Debug|Any CPU.Build.0 = Debug|Any CPU
		{A2230F18-0BD8-4105-A4DC-9620847B46A0}.Release|Any CPU.ActiveCfg = Release|Any CPU
		{A2230F18-0BD8-4105-A4DC-9620847B46A0}.Release|Any CPU.Build.0 = Release|Any CPU
		{42472794-524B-435E-B618-330BC70BE2AC}.Debug|Any CPU.ActiveCfg = Debug|Any CPU
		{42472794-524B-435E-B618-330BC70BE2AC}.Debug|Any CPU.Build.0 = Debug|Any CPU
		{42472794-524B-435E-B618-330BC70BE2AC}.Release|Any CPU.ActiveCfg = Release|Any CPU
		{42472794-524B-435E-B618-330BC70BE2AC}.Release|Any CPU.Build.0 = Release|Any CPU
		{7FD61E15-D9B1-4BBF-8A76-975583407B8A}.Debug|Any CPU.ActiveCfg = Debug|Any CPU
		{7FD61E15-D9B1-4BBF-8A76-975583407B8A}.Debug|Any CPU.Build.0 = Debug|Any CPU
		{7FD61E15-D9B1-4BBF-8A76-975583407B8A}.Release|Any CPU.ActiveCfg = Release|Any CPU
		{7FD61E15-D9B1-4BBF-8A76-975583407B8A}.Release|Any CPU.Build.0 = Release|Any CPU
		{3F0D4546-7C31-4D22-8E50-CF89C4344EF8}.Debug|Any CPU.ActiveCfg = Debug|Any CPU
		{3F0D4546-7C31-4D22-8E50-CF89C4344EF8}.Debug|Any CPU.Build.0 = Debug|Any CPU
		{3F0D4546-7C31-4D22-8E50-CF89C4344EF8}.Release|Any CPU.ActiveCfg = Release|Any CPU
		{3F0D4546-7C31-4D22-8E50-CF89C4344EF8}.Release|Any CPU.Build.0 = Release|Any CPU
		{0AC4B271-23DD-4A61-89D4-42DC5D2DC24B}.Debug|Any CPU.ActiveCfg = Debug|Any CPU
		{0AC4B271-23DD-4A61-89D4-42DC5D2DC24B}.Debug|Any CPU.Build.0 = Debug|Any CPU
		{0AC4B271-23DD-4A61-89D4-42DC5D2DC24B}.Release|Any CPU.ActiveCfg = Release|Any CPU
		{0AC4B271-23DD-4A61-89D4-42DC5D2DC24B}.Release|Any CPU.Build.0 = Release|Any CPU
		{37FE7015-20A6-43D6-9900-2FD95E52177E}.Debug|Any CPU.ActiveCfg = Debug|Any CPU
		{37FE7015-20A6-43D6-9900-2FD95E52177E}.Debug|Any CPU.Build.0 = Debug|Any CPU
		{37FE7015-20A6-43D6-9900-2FD95E52177E}.Release|Any CPU.ActiveCfg = Release|Any CPU
		{37FE7015-20A6-43D6-9900-2FD95E52177E}.Release|Any CPU.Build.0 = Release|Any CPU
		{136C959B-D53F-442C-B361-C1D5C3E6ADE2}.Debug|Any CPU.ActiveCfg = Debug|Any CPU
		{136C959B-D53F-442C-B361-C1D5C3E6ADE2}.Debug|Any CPU.Build.0 = Debug|Any CPU
		{136C959B-D53F-442C-B361-C1D5C3E6ADE2}.Release|Any CPU.ActiveCfg = Release|Any CPU
		{136C959B-D53F-442C-B361-C1D5C3E6ADE2}.Release|Any CPU.Build.0 = Release|Any CPU
		{7229BC95-2148-4E1F-B76A-DD6A0145270E}.Debug|Any CPU.ActiveCfg = Debug|Any CPU
		{7229BC95-2148-4E1F-B76A-DD6A0145270E}.Debug|Any CPU.Build.0 = Debug|Any CPU
		{7229BC95-2148-4E1F-B76A-DD6A0145270E}.Release|Any CPU.ActiveCfg = Release|Any CPU
		{7229BC95-2148-4E1F-B76A-DD6A0145270E}.Release|Any CPU.Build.0 = Release|Any CPU
		{6AFC116D-6DF2-4841-AA3F-B59674FE54F0}.Debug|Any CPU.ActiveCfg = Debug|Any CPU
		{6AFC116D-6DF2-4841-AA3F-B59674FE54F0}.Debug|Any CPU.Build.0 = Debug|Any CPU
		{6AFC116D-6DF2-4841-AA3F-B59674FE54F0}.Release|Any CPU.ActiveCfg = Release|Any CPU
		{6AFC116D-6DF2-4841-AA3F-B59674FE54F0}.Release|Any CPU.Build.0 = Release|Any CPU
		{AA7EEE91-CAAE-4626-8754-90F867521172}.Debug|Any CPU.ActiveCfg = Debug|Any CPU
		{AA7EEE91-CAAE-4626-8754-90F867521172}.Debug|Any CPU.Build.0 = Debug|Any CPU
		{AA7EEE91-CAAE-4626-8754-90F867521172}.Release|Any CPU.ActiveCfg = Release|Any CPU
		{AA7EEE91-CAAE-4626-8754-90F867521172}.Release|Any CPU.Build.0 = Release|Any CPU
		{A04C9C56-E3EF-42BC-BDBE-23BA5EC8341E}.Debug|Any CPU.ActiveCfg = Debug|Any CPU
		{A04C9C56-E3EF-42BC-BDBE-23BA5EC8341E}.Debug|Any CPU.Build.0 = Debug|Any CPU
		{A04C9C56-E3EF-42BC-BDBE-23BA5EC8341E}.Release|Any CPU.ActiveCfg = Release|Any CPU
		{A04C9C56-E3EF-42BC-BDBE-23BA5EC8341E}.Release|Any CPU.Build.0 = Release|Any CPU
		{E24C0ED9-D73F-4F2A-9DB6-1AF426D9B5C2}.Debug|Any CPU.ActiveCfg = Debug|Any CPU
		{E24C0ED9-D73F-4F2A-9DB6-1AF426D9B5C2}.Debug|Any CPU.Build.0 = Debug|Any CPU
		{E24C0ED9-D73F-4F2A-9DB6-1AF426D9B5C2}.Release|Any CPU.ActiveCfg = Release|Any CPU
		{E24C0ED9-D73F-4F2A-9DB6-1AF426D9B5C2}.Release|Any CPU.Build.0 = Release|Any CPU
		{2B163BE7-3383-4BBE-BA85-25796854F09B}.Debug|Any CPU.ActiveCfg = Debug|Any CPU
		{2B163BE7-3383-4BBE-BA85-25796854F09B}.Debug|Any CPU.Build.0 = Debug|Any CPU
		{2B163BE7-3383-4BBE-BA85-25796854F09B}.Release|Any CPU.ActiveCfg = Release|Any CPU
		{2B163BE7-3383-4BBE-BA85-25796854F09B}.Release|Any CPU.Build.0 = Release|Any CPU
		{9A59C1FF-6260-43A1-BBF3-84A82EB784E6}.Debug|Any CPU.ActiveCfg = Debug|Any CPU
		{9A59C1FF-6260-43A1-BBF3-84A82EB784E6}.Debug|Any CPU.Build.0 = Debug|Any CPU
		{9A59C1FF-6260-43A1-BBF3-84A82EB784E6}.Release|Any CPU.ActiveCfg = Release|Any CPU
		{9A59C1FF-6260-43A1-BBF3-84A82EB784E6}.Release|Any CPU.Build.0 = Release|Any CPU
		{451B4FCA-E595-4AB6-819E-1C3C80BE5AE0}.Debug|Any CPU.ActiveCfg = Debug|Any CPU
		{451B4FCA-E595-4AB6-819E-1C3C80BE5AE0}.Debug|Any CPU.Build.0 = Debug|Any CPU
		{451B4FCA-E595-4AB6-819E-1C3C80BE5AE0}.Release|Any CPU.ActiveCfg = Release|Any CPU
		{451B4FCA-E595-4AB6-819E-1C3C80BE5AE0}.Release|Any CPU.Build.0 = Release|Any CPU
		{550F70EB-FB9D-4B39-BC7C-DAF542659050}.Debug|Any CPU.ActiveCfg = Debug|Any CPU
		{550F70EB-FB9D-4B39-BC7C-DAF542659050}.Debug|Any CPU.Build.0 = Debug|Any CPU
		{550F70EB-FB9D-4B39-BC7C-DAF542659050}.Release|Any CPU.ActiveCfg = Release|Any CPU
		{550F70EB-FB9D-4B39-BC7C-DAF542659050}.Release|Any CPU.Build.0 = Release|Any CPU
		{D681B30D-A0B1-4492-B6D3-67BC80DF0C3F}.Debug|Any CPU.ActiveCfg = Debug|Any CPU
		{D681B30D-A0B1-4492-B6D3-67BC80DF0C3F}.Debug|Any CPU.Build.0 = Debug|Any CPU
		{D681B30D-A0B1-4492-B6D3-67BC80DF0C3F}.Release|Any CPU.ActiveCfg = Release|Any CPU
		{D681B30D-A0B1-4492-B6D3-67BC80DF0C3F}.Release|Any CPU.Build.0 = Release|Any CPU
		{DB9EAFA2-3555-4D89-9B06-D0C7B5217B0D}.Debug|Any CPU.ActiveCfg = Debug|Any CPU
		{DB9EAFA2-3555-4D89-9B06-D0C7B5217B0D}.Debug|Any CPU.Build.0 = Debug|Any CPU
		{DB9EAFA2-3555-4D89-9B06-D0C7B5217B0D}.Release|Any CPU.ActiveCfg = Release|Any CPU
		{DB9EAFA2-3555-4D89-9B06-D0C7B5217B0D}.Release|Any CPU.Build.0 = Release|Any CPU
	EndGlobalSection
	GlobalSection(SolutionProperties) = preSolution
		HideSolutionNode = FALSE
	EndGlobalSection
	GlobalSection(ExtensibilityGlobals) = postSolution
		SolutionGuid = {56EAB05C-DFDF-4DEC-A92F-F4FCB7710800}
	EndGlobalSection
	GlobalSection(NestedProjects) = preSolution
		{04D67427-0163-4DE4-9630-AE4850ADCA2B} = {835BCECC-037E-4F54-B34D-A30780A5D8EE}
		{1B79119B-862B-4441-A3E4-2F2EE45B1217} = {4C6C71B0-7E9A-4A21-A72A-810AC6A99DE5}
		{623F8AE0-AEBF-4D2F-B026-61B6A8EF2EFB} = {835BCECC-037E-4F54-B34D-A30780A5D8EE}
		{19EF112C-74B1-4D20-99D0-D0C9F2117BCF} = {623F8AE0-AEBF-4D2F-B026-61B6A8EF2EFB}
		{4128B80B-E9A3-40FB-B0C1-CFF56C0731E4} = {835BCECC-037E-4F54-B34D-A30780A5D8EE}
		{0213D94C-9C2B-4DAB-9062-762E2BB28072} = {835BCECC-037E-4F54-B34D-A30780A5D8EE}
		{1FF3360E-880D-4A23-BA7F-B9D2A9CE368F} = {0213D94C-9C2B-4DAB-9062-762E2BB28072}
		{AFCBBFAA-A5B6-4814-9BD5-7B4B74CA7149} = {0213D94C-9C2B-4DAB-9062-762E2BB28072}
		{B30EE261-F16C-480F-805B-F7CDA14DF37D} = {0213D94C-9C2B-4DAB-9062-762E2BB28072}
		{5855C155-B0FD-416F-AF15-6E0152671166} = {0213D94C-9C2B-4DAB-9062-762E2BB28072}
		{BC52497E-1015-40B3-9DD8-2D590677457E} = {0213D94C-9C2B-4DAB-9062-762E2BB28072}
		{2C9C4348-D406-46C4-A569-3C7E74000098} = {4128B80B-E9A3-40FB-B0C1-CFF56C0731E4}
		{D883B3BC-F67F-45DA-9365-C8C1C61ADD23} = {4128B80B-E9A3-40FB-B0C1-CFF56C0731E4}
		{14F9E080-5766-4C52-BA54-2D073DC85C65} = {4128B80B-E9A3-40FB-B0C1-CFF56C0731E4}
		{E5EE62B3-077C-425C-A6C7-57603318C66C} = {4128B80B-E9A3-40FB-B0C1-CFF56C0731E4}
		{3687601F-A22C-4730-8628-6756C0456B12} = {4128B80B-E9A3-40FB-B0C1-CFF56C0731E4}
		{3BED09B4-5504-440F-B96C-BEA75EB7B2B5} = {835BCECC-037E-4F54-B34D-A30780A5D8EE}
		{42B78C66-8348-4B51-89FA-6A1FD20482C8} = {3BED09B4-5504-440F-B96C-BEA75EB7B2B5}
		{3FB269C8-25F3-474D-888E-BB57212FDB22} = {3BED09B4-5504-440F-B96C-BEA75EB7B2B5}
		{002E06C9-89F5-4C2B-A6D8-07CB5806B207} = {3BED09B4-5504-440F-B96C-BEA75EB7B2B5}
		{217E77D9-E26D-4BDE-BF31-031EB89A4C5C} = {623F8AE0-AEBF-4D2F-B026-61B6A8EF2EFB}
		{2FE70DA5-05FF-403C-8E52-38E277D614F9} = {835BCECC-037E-4F54-B34D-A30780A5D8EE}
		{54BE5B63-2B60-4DBC-BDA7-338A16EF0A6A} = {2FE70DA5-05FF-403C-8E52-38E277D614F9}
		{4C4659D1-8225-4FAE-8D0B-1B2B8C7FF769} = {2FE70DA5-05FF-403C-8E52-38E277D614F9}
		{4D04E183-409B-426E-95BB-D9302D3AF3EE} = {2FE70DA5-05FF-403C-8E52-38E277D614F9}
		{CB776B6F-93B7-4A80-AC60-7B810785A01D} = {2FE70DA5-05FF-403C-8E52-38E277D614F9}
		{A2230F18-0BD8-4105-A4DC-9620847B46A0} = {2FE70DA5-05FF-403C-8E52-38E277D614F9}
		{42472794-524B-435E-B618-330BC70BE2AC} = {623F8AE0-AEBF-4D2F-B026-61B6A8EF2EFB}
		{7FD61E15-D9B1-4BBF-8A76-975583407B8A} = {623F8AE0-AEBF-4D2F-B026-61B6A8EF2EFB}
		{3F0D4546-7C31-4D22-8E50-CF89C4344EF8} = {623F8AE0-AEBF-4D2F-B026-61B6A8EF2EFB}
		{0AC4B271-23DD-4A61-89D4-42DC5D2DC24B} = {4C6C71B0-7E9A-4A21-A72A-810AC6A99DE5}
		{37FE7015-20A6-43D6-9900-2FD95E52177E} = {4C6C71B0-7E9A-4A21-A72A-810AC6A99DE5}
		{B9200FC0-D250-4479-A51B-B14945429ED7} = {835BCECC-037E-4F54-B34D-A30780A5D8EE}
		{136C959B-D53F-442C-B361-C1D5C3E6ADE2} = {B9200FC0-D250-4479-A51B-B14945429ED7}
		{1E743A57-05D1-43B7-AE35-3CEF2DDB6361} = {835BCECC-037E-4F54-B34D-A30780A5D8EE}
		{7229BC95-2148-4E1F-B76A-DD6A0145270E} = {1E743A57-05D1-43B7-AE35-3CEF2DDB6361}
		{6AFC116D-6DF2-4841-AA3F-B59674FE54F0} = {B9200FC0-D250-4479-A51B-B14945429ED7}
		{AA7EEE91-CAAE-4626-8754-90F867521172} = {B9200FC0-D250-4479-A51B-B14945429ED7}
		{A04C9C56-E3EF-42BC-BDBE-23BA5EC8341E} = {B9200FC0-D250-4479-A51B-B14945429ED7}
		{E24C0ED9-D73F-4F2A-9DB6-1AF426D9B5C2} = {B9200FC0-D250-4479-A51B-B14945429ED7}
		{2B163BE7-3383-4BBE-BA85-25796854F09B} = {4C6C71B0-7E9A-4A21-A72A-810AC6A99DE5}
		{9A59C1FF-6260-43A1-BBF3-84A82EB784E6} = {1E743A57-05D1-43B7-AE35-3CEF2DDB6361}
		{451B4FCA-E595-4AB6-819E-1C3C80BE5AE0} = {1E743A57-05D1-43B7-AE35-3CEF2DDB6361}
		{550F70EB-FB9D-4B39-BC7C-DAF542659050} = {1E743A57-05D1-43B7-AE35-3CEF2DDB6361}
		{D681B30D-A0B1-4492-B6D3-67BC80DF0C3F} = {1E743A57-05D1-43B7-AE35-3CEF2DDB6361}
		{DB9EAFA2-3555-4D89-9B06-D0C7B5217B0D} = {4C6C71B0-7E9A-4A21-A72A-810AC6A99DE5}
	EndGlobalSection
EndGlobal
