
Microsoft Visual Studio Solution File, Format Version 12.00
# Visual Studio Version 17
VisualStudioVersion = 17.0.31903.59
MinimumVisualStudioVersion = 10.0.40219.1
Project("{9A19103F-16F7-4668-BE54-9A1E7A4F7556}") = "PetFam.Web", "src\PetFam.Web\PetFam.Web.csproj", "{04D67427-0163-4DE4-9630-AE4850ADCA2B}"
EndProject
Project("{9A19103F-16F7-4668-BE54-9A1E7A4F7556}") = "PetFam.Application", "src\PetFam.Application\PetFam.Application.csproj", "{DCCBA09E-A757-4FA9-A752-C21DB69E2F29}"
EndProject
Project("{9A19103F-16F7-4668-BE54-9A1E7A4F7556}") = "PetFam.Infrastructure", "src\PetFam.Infrastructure\PetFam.Infrastructure.csproj", "{16191683-6DE3-4655-9550-7BFEA53EB1BB}"
EndProject
Project("{9A19103F-16F7-4668-BE54-9A1E7A4F7556}") = "PetFam.Domain", "src\PetFam.Domain\PetFam.Domain.csproj", "{B8B54E53-4BFB-462F-85D1-B03E527D2C30}"
EndProject
Project("{2150E333-8FDC-42A3-9474-1A3956D46DE8}") = "Solution Items", "Solution Items", "{CAD9E89F-5968-4B59-8957-62BD99289364}"
	ProjectSection(SolutionItems) = preProject
		docker-compose.yml = docker-compose.yml
	EndProjectSection
EndProject
Project("{9A19103F-16F7-4668-BE54-9A1E7A4F7556}") = "PetFam.UnitTests", "tests\PetFam.UnitTests\PetFam.UnitTests.csproj", "{1B79119B-862B-4441-A3E4-2F2EE45B1217}"
EndProject
Project("{2150E333-8FDC-42A3-9474-1A3956D46DE8}") = "src", "src", "{835BCECC-037E-4F54-B34D-A30780A5D8EE}"
EndProject
Project("{2150E333-8FDC-42A3-9474-1A3956D46DE8}") = "tests", "tests", "{4C6C71B0-7E9A-4A21-A72A-810AC6A99DE5}"
EndProject
Project("{FAE04EC0-301F-11D3-BF4B-00C04F79EFBC}") = "PetFam.Core", "src\PetFam.Core\PetFam.Core.csproj", "{002E06C9-89F5-4C2B-A6D8-07CB5806B207}"
EndProject
Project("{FAE04EC0-301F-11D3-BF4B-00C04F79EFBC}") = "PetFam.Volunteers.Domain", "src\Volunteers\PetFam.Volunteers.Domain\PetFam.Volunteers.Domain.csproj", "{14F9E080-5766-4C52-BA54-2D073DC85C65}"
EndProject
Project("{FAE04EC0-301F-11D3-BF4B-00C04F79EFBC}") = "PetFam.Species.Domain", "src\Species\PetFam.Species.Domain\PetFam.Species.Domain.csproj", "{B30EE261-F16C-480F-805B-F7CDA14DF37D}"
EndProject
Project("{FAE04EC0-301F-11D3-BF4B-00C04F79EFBC}") = "PetFam.Volunteers.Infrastructure", "src\Volunteers\PetFam.Volunteers.Infrastructure\PetFam.Volunteers.Infrastructure.csproj", "{E5EE62B3-077C-425C-A6C7-57603318C66C}"
EndProject
Project("{FAE04EC0-301F-11D3-BF4B-00C04F79EFBC}") = "PetFam.Species.Infrastructure", "src\Species\PetFam.Species.Infrastructure\PetFam.Species.Infrastructure.csproj", "{5855C155-B0FD-416F-AF15-6E0152671166}"
EndProject
Project("{FAE04EC0-301F-11D3-BF4B-00C04F79EFBC}") = "PetFam.Volunteers.Application", "src\Volunteers\PetFam.Volunteers.Application\PetFam.Volunteers.Application.csproj", "{2C9C4348-D406-46C4-A569-3C7E74000098}"
EndProject
Project("{FAE04EC0-301F-11D3-BF4B-00C04F79EFBC}") = "PetFam.Species.Application", "src\Species\PetFam.Species.Application\PetFam.Species.Application.csproj", "{1FF3360E-880D-4A23-BA7F-B9D2A9CE368F}"
EndProject
Project("{FAE04EC0-301F-11D3-BF4B-00C04F79EFBC}") = "PetFam.Volunteers.Contracts", "src\Volunteers\PetFam.Volunteers.Contracts\PetFam.Volunteers.Contracts.csproj", "{D883B3BC-F67F-45DA-9365-C8C1C61ADD23}"
EndProject
Project("{FAE04EC0-301F-11D3-BF4B-00C04F79EFBC}") = "PetFam.Volunteers.Presentation", "src\Volunteers\PetFam.Volunteers.Presentation\PetFam.Volunteers.Presentation.csproj", "{3687601F-A22C-4730-8628-6756C0456B12}"
EndProject
Project("{FAE04EC0-301F-11D3-BF4B-00C04F79EFBC}") = "PetFam.Species.Contracts", "src\Species\PetFam.Species.Contracts\PetFam.Species.Contracts.csproj", "{AFCBBFAA-A5B6-4814-9BD5-7B4B74CA7149}"
EndProject
Project("{FAE04EC0-301F-11D3-BF4B-00C04F79EFBC}") = "PetFam.Species.Presentation", "src\Species\PetFam.Species.Presentation\PetFam.Species.Presentation.csproj", "{BC52497E-1015-40B3-9DD8-2D590677457E}"
EndProject
Project("{FAE04EC0-301F-11D3-BF4B-00C04F79EFBC}") = "PetFam.Accounts.Domain", "src\Accounts\PetFam.Accounts.Domain\PetFam.Accounts.Domain.csproj", "{19EF112C-74B1-4D20-99D0-D0C9F2117BCF}"
EndProject
Project("{2150E333-8FDC-42A3-9474-1A3956D46DE8}") = "Accounts", "Accounts", "{623F8AE0-AEBF-4D2F-B026-61B6A8EF2EFB}"
EndProject
Project("{2150E333-8FDC-42A3-9474-1A3956D46DE8}") = "Volunteers", "Volunteers", "{4128B80B-E9A3-40FB-B0C1-CFF56C0731E4}"
EndProject
Project("{2150E333-8FDC-42A3-9474-1A3956D46DE8}") = "Species", "Species", "{0213D94C-9C2B-4DAB-9062-762E2BB28072}"
EndProject
Project("{2150E333-8FDC-42A3-9474-1A3956D46DE8}") = "Shared", "Shared", "{3BED09B4-5504-440F-B96C-BEA75EB7B2B5}"
EndProject
Global
	GlobalSection(SolutionConfigurationPlatforms) = preSolution
		Debug|Any CPU = Debug|Any CPU
		Release|Any CPU = Release|Any CPU
	EndGlobalSection
	GlobalSection(ProjectConfigurationPlatforms) = postSolution
		{04D67427-0163-4DE4-9630-AE4850ADCA2B}.Debug|Any CPU.ActiveCfg = Debug|Any CPU
		{04D67427-0163-4DE4-9630-AE4850ADCA2B}.Debug|Any CPU.Build.0 = Debug|Any CPU
		{04D67427-0163-4DE4-9630-AE4850ADCA2B}.Release|Any CPU.ActiveCfg = Release|Any CPU
		{04D67427-0163-4DE4-9630-AE4850ADCA2B}.Release|Any CPU.Build.0 = Release|Any CPU
		{DCCBA09E-A757-4FA9-A752-C21DB69E2F29}.Debug|Any CPU.ActiveCfg = Debug|Any CPU
		{DCCBA09E-A757-4FA9-A752-C21DB69E2F29}.Debug|Any CPU.Build.0 = Debug|Any CPU
		{DCCBA09E-A757-4FA9-A752-C21DB69E2F29}.Release|Any CPU.ActiveCfg = Release|Any CPU
		{DCCBA09E-A757-4FA9-A752-C21DB69E2F29}.Release|Any CPU.Build.0 = Release|Any CPU
		{16191683-6DE3-4655-9550-7BFEA53EB1BB}.Debug|Any CPU.ActiveCfg = Debug|Any CPU
		{16191683-6DE3-4655-9550-7BFEA53EB1BB}.Debug|Any CPU.Build.0 = Debug|Any CPU
		{16191683-6DE3-4655-9550-7BFEA53EB1BB}.Release|Any CPU.ActiveCfg = Release|Any CPU
		{16191683-6DE3-4655-9550-7BFEA53EB1BB}.Release|Any CPU.Build.0 = Release|Any CPU
		{B8B54E53-4BFB-462F-85D1-B03E527D2C30}.Debug|Any CPU.ActiveCfg = Debug|Any CPU
		{B8B54E53-4BFB-462F-85D1-B03E527D2C30}.Debug|Any CPU.Build.0 = Debug|Any CPU
		{B8B54E53-4BFB-462F-85D1-B03E527D2C30}.Release|Any CPU.ActiveCfg = Release|Any CPU
		{B8B54E53-4BFB-462F-85D1-B03E527D2C30}.Release|Any CPU.Build.0 = Release|Any CPU
		{1B79119B-862B-4441-A3E4-2F2EE45B1217}.Debug|Any CPU.ActiveCfg = Debug|Any CPU
		{1B79119B-862B-4441-A3E4-2F2EE45B1217}.Debug|Any CPU.Build.0 = Debug|Any CPU
		{1B79119B-862B-4441-A3E4-2F2EE45B1217}.Release|Any CPU.ActiveCfg = Release|Any CPU
		{1B79119B-862B-4441-A3E4-2F2EE45B1217}.Release|Any CPU.Build.0 = Release|Any CPU
		{002E06C9-89F5-4C2B-A6D8-07CB5806B207}.Debug|Any CPU.ActiveCfg = Debug|Any CPU
		{002E06C9-89F5-4C2B-A6D8-07CB5806B207}.Debug|Any CPU.Build.0 = Debug|Any CPU
		{002E06C9-89F5-4C2B-A6D8-07CB5806B207}.Release|Any CPU.ActiveCfg = Release|Any CPU
		{002E06C9-89F5-4C2B-A6D8-07CB5806B207}.Release|Any CPU.Build.0 = Release|Any CPU
		{14F9E080-5766-4C52-BA54-2D073DC85C65}.Debug|Any CPU.ActiveCfg = Debug|Any CPU
		{14F9E080-5766-4C52-BA54-2D073DC85C65}.Debug|Any CPU.Build.0 = Debug|Any CPU
		{14F9E080-5766-4C52-BA54-2D073DC85C65}.Release|Any CPU.ActiveCfg = Release|Any CPU
		{14F9E080-5766-4C52-BA54-2D073DC85C65}.Release|Any CPU.Build.0 = Release|Any CPU
		{B30EE261-F16C-480F-805B-F7CDA14DF37D}.Debug|Any CPU.ActiveCfg = Debug|Any CPU
		{B30EE261-F16C-480F-805B-F7CDA14DF37D}.Debug|Any CPU.Build.0 = Debug|Any CPU
		{B30EE261-F16C-480F-805B-F7CDA14DF37D}.Release|Any CPU.ActiveCfg = Release|Any CPU
		{B30EE261-F16C-480F-805B-F7CDA14DF37D}.Release|Any CPU.Build.0 = Release|Any CPU
		{E5EE62B3-077C-425C-A6C7-57603318C66C}.Debug|Any CPU.ActiveCfg = Debug|Any CPU
		{E5EE62B3-077C-425C-A6C7-57603318C66C}.Debug|Any CPU.Build.0 = Debug|Any CPU
		{E5EE62B3-077C-425C-A6C7-57603318C66C}.Release|Any CPU.ActiveCfg = Release|Any CPU
		{E5EE62B3-077C-425C-A6C7-57603318C66C}.Release|Any CPU.Build.0 = Release|Any CPU
		{5855C155-B0FD-416F-AF15-6E0152671166}.Debug|Any CPU.ActiveCfg = Debug|Any CPU
		{5855C155-B0FD-416F-AF15-6E0152671166}.Debug|Any CPU.Build.0 = Debug|Any CPU
		{5855C155-B0FD-416F-AF15-6E0152671166}.Release|Any CPU.ActiveCfg = Release|Any CPU
		{5855C155-B0FD-416F-AF15-6E0152671166}.Release|Any CPU.Build.0 = Release|Any CPU
		{2C9C4348-D406-46C4-A569-3C7E74000098}.Debug|Any CPU.ActiveCfg = Debug|Any CPU
		{2C9C4348-D406-46C4-A569-3C7E74000098}.Debug|Any CPU.Build.0 = Debug|Any CPU
		{2C9C4348-D406-46C4-A569-3C7E74000098}.Release|Any CPU.ActiveCfg = Release|Any CPU
		{2C9C4348-D406-46C4-A569-3C7E74000098}.Release|Any CPU.Build.0 = Release|Any CPU
		{1FF3360E-880D-4A23-BA7F-B9D2A9CE368F}.Debug|Any CPU.ActiveCfg = Debug|Any CPU
		{1FF3360E-880D-4A23-BA7F-B9D2A9CE368F}.Debug|Any CPU.Build.0 = Debug|Any CPU
		{1FF3360E-880D-4A23-BA7F-B9D2A9CE368F}.Release|Any CPU.ActiveCfg = Release|Any CPU
		{1FF3360E-880D-4A23-BA7F-B9D2A9CE368F}.Release|Any CPU.Build.0 = Release|Any CPU
		{D883B3BC-F67F-45DA-9365-C8C1C61ADD23}.Debug|Any CPU.ActiveCfg = Debug|Any CPU
		{D883B3BC-F67F-45DA-9365-C8C1C61ADD23}.Debug|Any CPU.Build.0 = Debug|Any CPU
		{D883B3BC-F67F-45DA-9365-C8C1C61ADD23}.Release|Any CPU.ActiveCfg = Release|Any CPU
		{D883B3BC-F67F-45DA-9365-C8C1C61ADD23}.Release|Any CPU.Build.0 = Release|Any CPU
		{3687601F-A22C-4730-8628-6756C0456B12}.Debug|Any CPU.ActiveCfg = Debug|Any CPU
		{3687601F-A22C-4730-8628-6756C0456B12}.Debug|Any CPU.Build.0 = Debug|Any CPU
		{3687601F-A22C-4730-8628-6756C0456B12}.Release|Any CPU.ActiveCfg = Release|Any CPU
		{3687601F-A22C-4730-8628-6756C0456B12}.Release|Any CPU.Build.0 = Release|Any CPU
		{AFCBBFAA-A5B6-4814-9BD5-7B4B74CA7149}.Debug|Any CPU.ActiveCfg = Debug|Any CPU
		{AFCBBFAA-A5B6-4814-9BD5-7B4B74CA7149}.Debug|Any CPU.Build.0 = Debug|Any CPU
		{AFCBBFAA-A5B6-4814-9BD5-7B4B74CA7149}.Release|Any CPU.ActiveCfg = Release|Any CPU
		{AFCBBFAA-A5B6-4814-9BD5-7B4B74CA7149}.Release|Any CPU.Build.0 = Release|Any CPU
		{BC52497E-1015-40B3-9DD8-2D590677457E}.Debug|Any CPU.ActiveCfg = Debug|Any CPU
		{BC52497E-1015-40B3-9DD8-2D590677457E}.Debug|Any CPU.Build.0 = Debug|Any CPU
		{BC52497E-1015-40B3-9DD8-2D590677457E}.Release|Any CPU.ActiveCfg = Release|Any CPU
		{BC52497E-1015-40B3-9DD8-2D590677457E}.Release|Any CPU.Build.0 = Release|Any CPU
		{19EF112C-74B1-4D20-99D0-D0C9F2117BCF}.Debug|Any CPU.ActiveCfg = Debug|Any CPU
		{19EF112C-74B1-4D20-99D0-D0C9F2117BCF}.Debug|Any CPU.Build.0 = Debug|Any CPU
		{19EF112C-74B1-4D20-99D0-D0C9F2117BCF}.Release|Any CPU.ActiveCfg = Release|Any CPU
		{19EF112C-74B1-4D20-99D0-D0C9F2117BCF}.Release|Any CPU.Build.0 = Release|Any CPU
	EndGlobalSection
	GlobalSection(SolutionProperties) = preSolution
		HideSolutionNode = FALSE
	EndGlobalSection
	GlobalSection(ExtensibilityGlobals) = postSolution
		SolutionGuid = {56EAB05C-DFDF-4DEC-A92F-F4FCB7710800}
	EndGlobalSection
	GlobalSection(NestedProjects) = preSolution
		{04D67427-0163-4DE4-9630-AE4850ADCA2B} = {835BCECC-037E-4F54-B34D-A30780A5D8EE}
		{DCCBA09E-A757-4FA9-A752-C21DB69E2F29} = {835BCECC-037E-4F54-B34D-A30780A5D8EE}
		{B8B54E53-4BFB-462F-85D1-B03E527D2C30} = {835BCECC-037E-4F54-B34D-A30780A5D8EE}
		{16191683-6DE3-4655-9550-7BFEA53EB1BB} = {835BCECC-037E-4F54-B34D-A30780A5D8EE}
		{1B79119B-862B-4441-A3E4-2F2EE45B1217} = {4C6C71B0-7E9A-4A21-A72A-810AC6A99DE5}
		{002E06C9-89F5-4C2B-A6D8-07CB5806B207} = {835BCECC-037E-4F54-B34D-A30780A5D8EE}
		{623F8AE0-AEBF-4D2F-B026-61B6A8EF2EFB} = {835BCECC-037E-4F54-B34D-A30780A5D8EE}
		{19EF112C-74B1-4D20-99D0-D0C9F2117BCF} = {623F8AE0-AEBF-4D2F-B026-61B6A8EF2EFB}
		{4128B80B-E9A3-40FB-B0C1-CFF56C0731E4} = {835BCECC-037E-4F54-B34D-A30780A5D8EE}
		{0213D94C-9C2B-4DAB-9062-762E2BB28072} = {835BCECC-037E-4F54-B34D-A30780A5D8EE}
		{1FF3360E-880D-4A23-BA7F-B9D2A9CE368F} = {0213D94C-9C2B-4DAB-9062-762E2BB28072}
		{AFCBBFAA-A5B6-4814-9BD5-7B4B74CA7149} = {0213D94C-9C2B-4DAB-9062-762E2BB28072}
		{B30EE261-F16C-480F-805B-F7CDA14DF37D} = {0213D94C-9C2B-4DAB-9062-762E2BB28072}
		{5855C155-B0FD-416F-AF15-6E0152671166} = {0213D94C-9C2B-4DAB-9062-762E2BB28072}
		{BC52497E-1015-40B3-9DD8-2D590677457E} = {0213D94C-9C2B-4DAB-9062-762E2BB28072}
		{2C9C4348-D406-46C4-A569-3C7E74000098} = {4128B80B-E9A3-40FB-B0C1-CFF56C0731E4}
		{D883B3BC-F67F-45DA-9365-C8C1C61ADD23} = {4128B80B-E9A3-40FB-B0C1-CFF56C0731E4}
		{14F9E080-5766-4C52-BA54-2D073DC85C65} = {4128B80B-E9A3-40FB-B0C1-CFF56C0731E4}
		{E5EE62B3-077C-425C-A6C7-57603318C66C} = {4128B80B-E9A3-40FB-B0C1-CFF56C0731E4}
		{3687601F-A22C-4730-8628-6756C0456B12} = {4128B80B-E9A3-40FB-B0C1-CFF56C0731E4}
		{3BED09B4-5504-440F-B96C-BEA75EB7B2B5} = {835BCECC-037E-4F54-B34D-A30780A5D8EE}
	EndGlobalSection
EndGlobal
